// !$*UTF8*$!
{
	archiveVersion = 1;
	classes = {
	};
	objectVersion = 46;
	objects = {

/* Begin PBXBuildFile section */
		7C8B802F18B4AD0C009324AE /* CCCAccessors.m in Sources */ = {isa = PBXBuildFile; fileRef = 7C8B802E18B4AD0C009324AE /* CCCAccessors.m */; settings = {COMPILER_FLAGS = "-fno-objc-arc"; }; };
		7CA7658A18B363670047C37E /* Foundation.framework in Frameworks */ = {isa = PBXBuildFile; fileRef = 7CA7658918B363670047C37E /* Foundation.framework */; };
		7CA7659818B363680047C37E /* XCTest.framework in Frameworks */ = {isa = PBXBuildFile; fileRef = 7CA7659718B363680047C37E /* XCTest.framework */; };
		7CA7659918B363680047C37E /* Foundation.framework in Frameworks */ = {isa = PBXBuildFile; fileRef = 7CA7658918B363670047C37E /* Foundation.framework */; };
		7CA7659B18B363680047C37E /* UIKit.framework in Frameworks */ = {isa = PBXBuildFile; fileRef = 7CA7659A18B363680047C37E /* UIKit.framework */; };
		7CA7659E18B363680047C37E /* libContainersCollection.a in Frameworks */ = {isa = PBXBuildFile; fileRef = 7CA7658618B363670047C37E /* libContainersCollection.a */; };
		7CA765A418B363680047C37E /* InfoPlist.strings in Resources */ = {isa = PBXBuildFile; fileRef = 7CA765A218B363680047C37E /* InfoPlist.strings */; };
		7CA765B518B364690047C37E /* CCCStaticObjectArray.m in Sources */ = {isa = PBXBuildFile; fileRef = 7CA765B418B364690047C37E /* CCCStaticObjectArray.m */; settings = {COMPILER_FLAGS = "-fno-objc-arc"; }; };
		7CA765B818B369480047C37E /* CCCStaticObjectArrayTests_ARC.m in Sources */ = {isa = PBXBuildFile; fileRef = 7CA765B718B369480047C37E /* CCCStaticObjectArrayTests_ARC.m */; };
		7CBDB78318BC4B320068FB64 /* CCFiniteIndexedObjectGenerator.m in Sources */ = {isa = PBXBuildFile; fileRef = 7CBDB78218BC4B320068FB64 /* CCFiniteIndexedObjectGenerator.m */; };
		7CBDB78518BC4E330068FB64 /* CCIndexedGeneratorTypes.m in Sources */ = {isa = PBXBuildFile; fileRef = 7CBDB78418BC4E330068FB64 /* CCIndexedGeneratorTypes.m */; };
		7CBDB78918BC4F0E0068FB64 /* CCInfiniteIndexedObjectGenerator.m in Sources */ = {isa = PBXBuildFile; fileRef = 7CBDB78818BC4F0E0068FB64 /* CCInfiniteIndexedObjectGenerator.m */; };
		7CC7AC7A18B5DB2B000C85F6 /* CCCStaticObjectArray_no_ARC.m in Sources */ = {isa = PBXBuildFile; fileRef = 7CC7AC7918B5DB2B000C85F6 /* CCCStaticObjectArray_no_ARC.m */; settings = {COMPILER_FLAGS = "-fno-objc-arc"; }; };
/* End PBXBuildFile section */

/* Begin PBXContainerItemProxy section */
		7CA7659C18B363680047C37E /* PBXContainerItemProxy */ = {
			isa = PBXContainerItemProxy;
			containerPortal = 7CA7657E18B363670047C37E /* Project object */;
			proxyType = 1;
			remoteGlobalIDString = 7CA7658518B363670047C37E;
			remoteInfo = ContainersCollection;
		};
/* End PBXContainerItemProxy section */

/* Begin PBXCopyFilesBuildPhase section */
		7CA7658418B363670047C37E /* CopyFiles */ = {
			isa = PBXCopyFilesBuildPhase;
			buildActionMask = 2147483647;
			dstPath = "include/$(PRODUCT_NAME)";
			dstSubfolderSpec = 16;
			files = (
			);
			runOnlyForDeploymentPostprocessing = 0;
		};
/* End PBXCopyFilesBuildPhase section */

/* Begin PBXFileReference section */
		7C8B802D18B4AD0C009324AE /* CCCAccessors.h */ = {isa = PBXFileReference; fileEncoding = 4; lastKnownFileType = sourcecode.c.h; path = CCCAccessors.h; sourceTree = "<group>"; };
		7C8B802E18B4AD0C009324AE /* CCCAccessors.m */ = {isa = PBXFileReference; fileEncoding = 4; lastKnownFileType = sourcecode.c.objc; path = CCCAccessors.m; sourceTree = "<group>"; };
		7CA7658618B363670047C37E /* libContainersCollection.a */ = {isa = PBXFileReference; explicitFileType = archive.ar; includeInIndex = 0; path = libContainersCollection.a; sourceTree = BUILT_PRODUCTS_DIR; };
		7CA7658918B363670047C37E /* Foundation.framework */ = {isa = PBXFileReference; lastKnownFileType = wrapper.framework; name = Foundation.framework; path = System/Library/Frameworks/Foundation.framework; sourceTree = SDKROOT; };
		7CA7658D18B363670047C37E /* ContainersCollection-Prefix.pch */ = {isa = PBXFileReference; lastKnownFileType = sourcecode.c.h; path = "ContainersCollection-Prefix.pch"; sourceTree = "<group>"; };
		7CA7659618B363680047C37E /* ContainersCollectionTests.xctest */ = {isa = PBXFileReference; explicitFileType = wrapper.cfbundle; includeInIndex = 0; path = ContainersCollectionTests.xctest; sourceTree = BUILT_PRODUCTS_DIR; };
		7CA7659718B363680047C37E /* XCTest.framework */ = {isa = PBXFileReference; lastKnownFileType = wrapper.framework; name = XCTest.framework; path = Library/Frameworks/XCTest.framework; sourceTree = DEVELOPER_DIR; };
		7CA7659A18B363680047C37E /* UIKit.framework */ = {isa = PBXFileReference; lastKnownFileType = wrapper.framework; name = UIKit.framework; path = Library/Frameworks/UIKit.framework; sourceTree = DEVELOPER_DIR; };
		7CA765A118B363680047C37E /* ContainersCollectionTests-Info.plist */ = {isa = PBXFileReference; lastKnownFileType = text.plist.xml; path = "ContainersCollectionTests-Info.plist"; sourceTree = "<group>"; };
		7CA765A318B363680047C37E /* en */ = {isa = PBXFileReference; lastKnownFileType = text.plist.strings; name = en; path = en.lproj/InfoPlist.strings; sourceTree = "<group>"; };
		7CA765B318B364690047C37E /* CCCStaticObjectArray.h */ = {isa = PBXFileReference; fileEncoding = 4; lastKnownFileType = sourcecode.c.h; path = CCCStaticObjectArray.h; sourceTree = "<group>"; };
		7CA765B418B364690047C37E /* CCCStaticObjectArray.m */ = {isa = PBXFileReference; fileEncoding = 4; lastKnownFileType = sourcecode.c.objc; path = CCCStaticObjectArray.m; sourceTree = "<group>"; };
		7CA765B718B369480047C37E /* CCCStaticObjectArrayTests_ARC.m */ = {isa = PBXFileReference; fileEncoding = 4; lastKnownFileType = sourcecode.c.objc; path = CCCStaticObjectArrayTests_ARC.m; sourceTree = "<group>"; };
		7CBDB77E18BC4AE60068FB64 /* CCIndexedGeneratorTypes.h */ = {isa = PBXFileReference; fileEncoding = 4; lastKnownFileType = sourcecode.c.h; path = CCIndexedGeneratorTypes.h; sourceTree = "<group>"; };
		7CBDB78118BC4B320068FB64 /* CCFiniteIndexedObjectGenerator.h */ = {isa = PBXFileReference; fileEncoding = 4; lastKnownFileType = sourcecode.c.h; path = CCFiniteIndexedObjectGenerator.h; sourceTree = "<group>"; };
		7CBDB78218BC4B320068FB64 /* CCFiniteIndexedObjectGenerator.m */ = {isa = PBXFileReference; fileEncoding = 4; lastKnownFileType = sourcecode.c.objc; path = CCFiniteIndexedObjectGenerator.m; sourceTree = "<group>"; };
		7CBDB78418BC4E330068FB64 /* CCIndexedGeneratorTypes.m */ = {isa = PBXFileReference; fileEncoding = 4; lastKnownFileType = sourcecode.c.objc; path = CCIndexedGeneratorTypes.m; sourceTree = "<group>"; };
		7CBDB78718BC4F0E0068FB64 /* CCInfiniteIndexedObjectGenerator.h */ = {isa = PBXFileReference; fileEncoding = 4; lastKnownFileType = sourcecode.c.h; path = CCInfiniteIndexedObjectGenerator.h; sourceTree = "<group>"; };
		7CBDB78818BC4F0E0068FB64 /* CCInfiniteIndexedObjectGenerator.m */ = {isa = PBXFileReference; fileEncoding = 4; lastKnownFileType = sourcecode.c.objc; path = CCInfiniteIndexedObjectGenerator.m; sourceTree = "<group>"; };
		7CC7AC7918B5DB2B000C85F6 /* CCCStaticObjectArray_no_ARC.m */ = {isa = PBXFileReference; fileEncoding = 4; lastKnownFileType = sourcecode.c.objc; path = CCCStaticObjectArray_no_ARC.m; sourceTree = "<group>"; };
/* End PBXFileReference section */

/* Begin PBXFrameworksBuildPhase section */
		7CA7658318B363670047C37E /* Frameworks */ = {
			isa = PBXFrameworksBuildPhase;
			buildActionMask = 2147483647;
			files = (
				7CA7658A18B363670047C37E /* Foundation.framework in Frameworks */,
			);
			runOnlyForDeploymentPostprocessing = 0;
		};
		7CA7659318B363680047C37E /* Frameworks */ = {
			isa = PBXFrameworksBuildPhase;
			buildActionMask = 2147483647;
			files = (
				7CA7659818B363680047C37E /* XCTest.framework in Frameworks */,
				7CA7659E18B363680047C37E /* libContainersCollection.a in Frameworks */,
				7CA7659B18B363680047C37E /* UIKit.framework in Frameworks */,
				7CA7659918B363680047C37E /* Foundation.framework in Frameworks */,
			);
			runOnlyForDeploymentPostprocessing = 0;
		};
/* End PBXFrameworksBuildPhase section */

/* Begin PBXGroup section */
		7C8B802A18B4ACD7009324AE /* private */ = {
			isa = PBXGroup;
			children = (
				7C8B802C18B4ACEF009324AE /* Helper Functions */,
			);
			name = private;
			sourceTree = "<group>";
		};
		7C8B802B18B4ACE4009324AE /* public */ = {
			isa = PBXGroup;
			children = (
				7CBDB77818BC4A990068FB64 /* Generators */,
				7CA765AF18B364240047C37E /* C Static Array */,
			);
			name = public;
			sourceTree = "<group>";
		};
		7C8B802C18B4ACEF009324AE /* Helper Functions */ = {
			isa = PBXGroup;
			children = (
				7C8B802D18B4AD0C009324AE /* CCCAccessors.h */,
				7C8B802E18B4AD0C009324AE /* CCCAccessors.m */,
			);
			name = "Helper Functions";
			sourceTree = "<group>";
		};
		7CA7657D18B363670047C37E = {
			isa = PBXGroup;
			children = (
				7CA7658B18B363670047C37E /* ContainersCollection */,
				7CA7659F18B363680047C37E /* ContainersCollectionTests */,
				7CA7658818B363670047C37E /* Frameworks */,
				7CA7658718B363670047C37E /* Products */,
			);
			sourceTree = "<group>";
		};
		7CA7658718B363670047C37E /* Products */ = {
			isa = PBXGroup;
			children = (
				7CA7658618B363670047C37E /* libContainersCollection.a */,
				7CA7659618B363680047C37E /* ContainersCollectionTests.xctest */,
			);
			name = Products;
			sourceTree = "<group>";
		};
		7CA7658818B363670047C37E /* Frameworks */ = {
			isa = PBXGroup;
			children = (
				7CA7658918B363670047C37E /* Foundation.framework */,
				7CA7659718B363680047C37E /* XCTest.framework */,
				7CA7659A18B363680047C37E /* UIKit.framework */,
			);
			name = Frameworks;
			sourceTree = "<group>";
		};
		7CA7658B18B363670047C37E /* ContainersCollection */ = {
			isa = PBXGroup;
			children = (
				7C8B802A18B4ACD7009324AE /* private */,
				7C8B802B18B4ACE4009324AE /* public */,
				7CA7658C18B363670047C37E /* Supporting Files */,
			);
			path = ContainersCollection;
			sourceTree = "<group>";
		};
		7CA7658C18B363670047C37E /* Supporting Files */ = {
			isa = PBXGroup;
			children = (
				7CA7658D18B363670047C37E /* ContainersCollection-Prefix.pch */,
			);
			name = "Supporting Files";
			sourceTree = "<group>";
		};
		7CA7659F18B363680047C37E /* ContainersCollectionTests */ = {
			isa = PBXGroup;
			children = (
				7CA765B718B369480047C37E /* CCCStaticObjectArrayTests_ARC.m */,
				7CC7AC7918B5DB2B000C85F6 /* CCCStaticObjectArray_no_ARC.m */,
				7CA765A018B363680047C37E /* Supporting Files */,
			);
			path = ContainersCollectionTests;
			sourceTree = "<group>";
		};
		7CA765A018B363680047C37E /* Supporting Files */ = {
			isa = PBXGroup;
			children = (
				7CA765A118B363680047C37E /* ContainersCollectionTests-Info.plist */,
				7CA765A218B363680047C37E /* InfoPlist.strings */,
			);
			name = "Supporting Files";
			sourceTree = "<group>";
		};
		7CA765AF18B364240047C37E /* C Static Array */ = {
			isa = PBXGroup;
			children = (
				7CA765B318B364690047C37E /* CCCStaticObjectArray.h */,
				7CA765B418B364690047C37E /* CCCStaticObjectArray.m */,
			);
			name = "C Static Array";
			sourceTree = "<group>";
		};
		7CBDB77818BC4A990068FB64 /* Generators */ = {
			isa = PBXGroup;
			children = (
				7CBDB77D18BC4AC50068FB64 /* Indexed Generators */,
			);
			name = Generators;
			sourceTree = "<group>";
		};
		7CBDB77918BC4AA50068FB64 /* Finite Indexed Generator */ = {
			isa = PBXGroup;
			children = (
				7CBDB78118BC4B320068FB64 /* CCFiniteIndexedObjectGenerator.h */,
				7CBDB78218BC4B320068FB64 /* CCFiniteIndexedObjectGenerator.m */,
			);
			name = "Finite Indexed Generator";
			sourceTree = "<group>";
		};
		7CBDB77D18BC4AC50068FB64 /* Indexed Generators */ = {
			isa = PBXGroup;
			children = (
				7CBDB77E18BC4AE60068FB64 /* CCIndexedGeneratorTypes.h */,
				7CBDB78418BC4E330068FB64 /* CCIndexedGeneratorTypes.m */,
				7CBDB78618BC4EE50068FB64 /* Infinite Indexed Generator */,
				7CBDB77918BC4AA50068FB64 /* Finite Indexed Generator */,
			);
			name = "Indexed Generators";
			sourceTree = "<group>";
		};
		7CBDB78618BC4EE50068FB64 /* Infinite Indexed Generator */ = {
			isa = PBXGroup;
			children = (
				7CBDB78718BC4F0E0068FB64 /* CCInfiniteIndexedObjectGenerator.h */,
				7CBDB78818BC4F0E0068FB64 /* CCInfiniteIndexedObjectGenerator.m */,
			);
			name = "Infinite Indexed Generator";
			sourceTree = "<group>";
		};
/* End PBXGroup section */

/* Begin PBXNativeTarget section */
		7CA7658518B363670047C37E /* ContainersCollection */ = {
			isa = PBXNativeTarget;
			buildConfigurationList = 7CA765A918B363680047C37E /* Build configuration list for PBXNativeTarget "ContainersCollection" */;
			buildPhases = (
				7CA7658218B363670047C37E /* Sources */,
				7CA7658318B363670047C37E /* Frameworks */,
				7CA7658418B363670047C37E /* CopyFiles */,
			);
			buildRules = (
			);
			dependencies = (
			);
			name = ContainersCollection;
			productName = ContainersCollection;
			productReference = 7CA7658618B363670047C37E /* libContainersCollection.a */;
			productType = "com.apple.product-type.library.static";
		};
		7CA7659518B363680047C37E /* ContainersCollectionTests */ = {
			isa = PBXNativeTarget;
			buildConfigurationList = 7CA765AC18B363680047C37E /* Build configuration list for PBXNativeTarget "ContainersCollectionTests" */;
			buildPhases = (
				7CA7659218B363680047C37E /* Sources */,
				7CA7659318B363680047C37E /* Frameworks */,
				7CA7659418B363680047C37E /* Resources */,
			);
			buildRules = (
			);
			dependencies = (
				7CA7659D18B363680047C37E /* PBXTargetDependency */,
			);
			name = ContainersCollectionTests;
			productName = ContainersCollectionTests;
			productReference = 7CA7659618B363680047C37E /* ContainersCollectionTests.xctest */;
			productType = "com.apple.product-type.bundle.unit-test";
		};
/* End PBXNativeTarget section */

/* Begin PBXProject section */
		7CA7657E18B363670047C37E /* Project object */ = {
			isa = PBXProject;
			attributes = {
				LastUpgradeCheck = 0500;
				ORGANIZATIONNAME = Frostbit;
			};
			buildConfigurationList = 7CA7658118B363670047C37E /* Build configuration list for PBXProject "ContainersCollection" */;
			compatibilityVersion = "Xcode 3.2";
			developmentRegion = English;
			hasScannedForEncodings = 0;
			knownRegions = (
				en,
			);
			mainGroup = 7CA7657D18B363670047C37E;
			productRefGroup = 7CA7658718B363670047C37E /* Products */;
			projectDirPath = "";
			projectRoot = "";
			targets = (
				7CA7658518B363670047C37E /* ContainersCollection */,
				7CA7659518B363680047C37E /* ContainersCollectionTests */,
			);
		};
/* End PBXProject section */

/* Begin PBXResourcesBuildPhase section */
		7CA7659418B363680047C37E /* Resources */ = {
			isa = PBXResourcesBuildPhase;
			buildActionMask = 2147483647;
			files = (
				7CA765A418B363680047C37E /* InfoPlist.strings in Resources */,
			);
			runOnlyForDeploymentPostprocessing = 0;
		};
/* End PBXResourcesBuildPhase section */

/* Begin PBXSourcesBuildPhase section */
		7CA7658218B363670047C37E /* Sources */ = {
			isa = PBXSourcesBuildPhase;
			buildActionMask = 2147483647;
			files = (
				7C8B802F18B4AD0C009324AE /* CCCAccessors.m in Sources */,
				7CBDB78318BC4B320068FB64 /* CCFiniteIndexedObjectGenerator.m in Sources */,
				7CBDB78918BC4F0E0068FB64 /* CCInfiniteIndexedObjectGenerator.m in Sources */,
				7CA765B518B364690047C37E /* CCCStaticObjectArray.m in Sources */,
				7CBDB78518BC4E330068FB64 /* CCIndexedGeneratorTypes.m in Sources */,
			);
			runOnlyForDeploymentPostprocessing = 0;
		};
		7CA7659218B363680047C37E /* Sources */ = {
			isa = PBXSourcesBuildPhase;
			buildActionMask = 2147483647;
			files = (
				7CC7AC7A18B5DB2B000C85F6 /* CCCStaticObjectArray_no_ARC.m in Sources */,
				7CA765B818B369480047C37E /* CCCStaticObjectArrayTests_ARC.m in Sources */,
			);
			runOnlyForDeploymentPostprocessing = 0;
		};
/* End PBXSourcesBuildPhase section */

/* Begin PBXTargetDependency section */
		7CA7659D18B363680047C37E /* PBXTargetDependency */ = {
			isa = PBXTargetDependency;
			target = 7CA7658518B363670047C37E /* ContainersCollection */;
			targetProxy = 7CA7659C18B363680047C37E /* PBXContainerItemProxy */;
		};
/* End PBXTargetDependency section */

/* Begin PBXVariantGroup section */
		7CA765A218B363680047C37E /* InfoPlist.strings */ = {
			isa = PBXVariantGroup;
			children = (
				7CA765A318B363680047C37E /* en */,
			);
			name = InfoPlist.strings;
			sourceTree = "<group>";
		};
/* End PBXVariantGroup section */

/* Begin XCBuildConfiguration section */
		7CA765A718B363680047C37E /* Debug */ = {
			isa = XCBuildConfiguration;
			buildSettings = {
				ALWAYS_SEARCH_USER_PATHS = NO;
				ARCHS = "$(ARCHS_STANDARD_INCLUDING_64_BIT)";
				CLANG_CXX_LANGUAGE_STANDARD = "gnu++0x";
				CLANG_CXX_LIBRARY = "libc++";
				CLANG_ENABLE_MODULES = YES;
				CLANG_ENABLE_OBJC_ARC = YES;
				CLANG_WARN_BOOL_CONVERSION = YES;
				CLANG_WARN_CONSTANT_CONVERSION = YES;
				CLANG_WARN_DIRECT_OBJC_ISA_USAGE = YES_ERROR;
				CLANG_WARN_EMPTY_BODY = YES;
				CLANG_WARN_ENUM_CONVERSION = YES;
				CLANG_WARN_INT_CONVERSION = YES;
				CLANG_WARN_OBJC_ROOT_CLASS = YES_ERROR;
				CLANG_WARN__DUPLICATE_METHOD_MATCH = YES;
				COPY_PHASE_STRIP = NO;
				GCC_C_LANGUAGE_STANDARD = gnu99;
				GCC_DYNAMIC_NO_PIC = NO;
				GCC_OPTIMIZATION_LEVEL = 0;
				GCC_PREPROCESSOR_DEFINITIONS = (
					"DEBUG=1",
					"$(inherited)",
				);
				GCC_SYMBOLS_PRIVATE_EXTERN = NO;
				GCC_WARN_64_TO_32_BIT_CONVERSION = YES;
				GCC_WARN_ABOUT_RETURN_TYPE = YES_ERROR;
				GCC_WARN_UNDECLARED_SELECTOR = YES;
				GCC_WARN_UNINITIALIZED_AUTOS = YES;
				GCC_WARN_UNUSED_FUNCTION = YES;
				GCC_WARN_UNUSED_VARIABLE = YES;
				IPHONEOS_DEPLOYMENT_TARGET = 7.0;
				ONLY_ACTIVE_ARCH = YES;
				SDKROOT = iphoneos;
			};
			name = Debug;
		};
		7CA765A818B363680047C37E /* Release */ = {
			isa = XCBuildConfiguration;
			buildSettings = {
				ALWAYS_SEARCH_USER_PATHS = NO;
				ARCHS = "$(ARCHS_STANDARD_INCLUDING_64_BIT)";
				CLANG_CXX_LANGUAGE_STANDARD = "gnu++0x";
				CLANG_CXX_LIBRARY = "libc++";
				CLANG_ENABLE_MODULES = YES;
				CLANG_ENABLE_OBJC_ARC = YES;
				CLANG_WARN_BOOL_CONVERSION = YES;
				CLANG_WARN_CONSTANT_CONVERSION = YES;
				CLANG_WARN_DIRECT_OBJC_ISA_USAGE = YES_ERROR;
				CLANG_WARN_EMPTY_BODY = YES;
				CLANG_WARN_ENUM_CONVERSION = YES;
				CLANG_WARN_INT_CONVERSION = YES;
				CLANG_WARN_OBJC_ROOT_CLASS = YES_ERROR;
				CLANG_WARN__DUPLICATE_METHOD_MATCH = YES;
				COPY_PHASE_STRIP = YES;
				ENABLE_NS_ASSERTIONS = NO;
				GCC_C_LANGUAGE_STANDARD = gnu99;
				GCC_WARN_64_TO_32_BIT_CONVERSION = YES;
				GCC_WARN_ABOUT_RETURN_TYPE = YES_ERROR;
				GCC_WARN_UNDECLARED_SELECTOR = YES;
				GCC_WARN_UNINITIALIZED_AUTOS = YES;
				GCC_WARN_UNUSED_FUNCTION = YES;
				GCC_WARN_UNUSED_VARIABLE = YES;
				IPHONEOS_DEPLOYMENT_TARGET = 7.0;
				SDKROOT = iphoneos;
				VALIDATE_PRODUCT = YES;
			};
			name = Release;
		};
		7CA765AA18B363680047C37E /* Debug */ = {
			isa = XCBuildConfiguration;
			buildSettings = {
				DSTROOT = /tmp/ContainersCollection.dst;
				GCC_PRECOMPILE_PREFIX_HEADER = YES;
				GCC_PREFIX_HEADER = "ContainersCollection/ContainersCollection-Prefix.pch";
				OTHER_LDFLAGS = "-ObjC";
				PRODUCT_NAME = "$(TARGET_NAME)";
				SKIP_INSTALL = YES;
			};
			name = Debug;
		};
		7CA765AB18B363680047C37E /* Release */ = {
			isa = XCBuildConfiguration;
			buildSettings = {
				DSTROOT = /tmp/ContainersCollection.dst;
				GCC_PRECOMPILE_PREFIX_HEADER = YES;
				GCC_PREFIX_HEADER = "ContainersCollection/ContainersCollection-Prefix.pch";
				OTHER_LDFLAGS = "-ObjC";
				PRODUCT_NAME = "$(TARGET_NAME)";
				SKIP_INSTALL = YES;
			};
			name = Release;
		};
		7CA765AD18B363680047C37E /* Debug */ = {
			isa = XCBuildConfiguration;
			buildSettings = {
				ARCHS = "$(ARCHS_STANDARD_INCLUDING_64_BIT)";
				FRAMEWORK_SEARCH_PATHS = (
					"$(SDKROOT)/Developer/Library/Frameworks",
					"$(inherited)",
					"$(DEVELOPER_FRAMEWORKS_DIR)",
				);
				GCC_PRECOMPILE_PREFIX_HEADER = YES;
				GCC_PREFIX_HEADER = "ContainersCollection/ContainersCollection-Prefix.pch";
				GCC_PREPROCESSOR_DEFINITIONS = (
					"DEBUG=1",
					"$(inherited)",
				);
				INFOPLIST_FILE = "ContainersCollectionTests/ContainersCollectionTests-Info.plist";
				PRODUCT_NAME = "$(TARGET_NAME)";
				WRAPPER_EXTENSION = xctest;
			};
			name = Debug;
		};
		7CA765AE18B363680047C37E /* Release */ = {
			isa = XCBuildConfiguration;
			buildSettings = {
				ARCHS = "$(ARCHS_STANDARD_INCLUDING_64_BIT)";
				FRAMEWORK_SEARCH_PATHS = (
					"$(SDKROOT)/Developer/Library/Frameworks",
					"$(inherited)",
					"$(DEVELOPER_FRAMEWORKS_DIR)",
				);
				GCC_PRECOMPILE_PREFIX_HEADER = YES;
				GCC_PREFIX_HEADER = "ContainersCollection/ContainersCollection-Prefix.pch";
				INFOPLIST_FILE = "ContainersCollectionTests/ContainersCollectionTests-Info.plist";
				PRODUCT_NAME = "$(TARGET_NAME)";
				WRAPPER_EXTENSION = xctest;
			};
			name = Release;
		};
/* End XCBuildConfiguration section */

/* Begin XCConfigurationList section */
		7CA7658118B363670047C37E /* Build configuration list for PBXProject "ContainersCollection" */ = {
			isa = XCConfigurationList;
			buildConfigurations = (
				7CA765A718B363680047C37E /* Debug */,
				7CA765A818B363680047C37E /* Release */,
			);
			defaultConfigurationIsVisible = 0;
			defaultConfigurationName = Release;
		};
		7CA765A918B363680047C37E /* Build configuration list for PBXNativeTarget "ContainersCollection" */ = {
			isa = XCConfigurationList;
			buildConfigurations = (
				7CA765AA18B363680047C37E /* Debug */,
				7CA765AB18B363680047C37E /* Release */,
			);
			defaultConfigurationIsVisible = 0;
			defaultConfigurationName = Release;
		};
		7CA765AC18B363680047C37E /* Build configuration list for PBXNativeTarget "ContainersCollectionTests" */ = {
			isa = XCConfigurationList;
			buildConfigurations = (
				7CA765AD18B363680047C37E /* Debug */,
				7CA765AE18B363680047C37E /* Release */,
			);
			defaultConfigurationIsVisible = 0;
			defaultConfigurationName = Release;
		};
/* End XCConfigurationList section */
	};
	rootObject = 7CA7657E18B363670047C37E /* Project object */;
}
